
Microsoft Visual Studio Solution File, Format Version 12.00
# Visual Studio Version 17
VisualStudioVersion = 17.6.33723.286
MinimumVisualStudioVersion = 10.0.40219.1
Project("{8BC9CEB8-8B4A-11D0-8D11-00A0C91BC942}") = "Pi", "Pi\Pi.vcxproj", "{181EBCCC-16C2-4B85-9067-2E71906DF23B}"
EndProject
Project("{8BC9CEB8-8B4A-11D0-8D11-00A0C91BC942}") = "Calc", "..\Calc\Calc.vcxproj", "{01AF94A3-C433-4E68-BC18-C20007D173D3}"
EndProject
Global
	GlobalSection(SolutionConfigurationPlatforms) = preSolution
		Debug|x64 = Debug|x64
		Debug|x86 = Debug|x86
		Release|x64 = Release|x64
		Release|x86 = Release|x86
	EndGlobalSection
	GlobalSection(ProjectConfigurationPlatforms) = postSolution
		{181EBCCC-16C2-4B85-9067-2E71906DF23B}.Debug|x64.ActiveCfg = Debug|x64
		{181EBCCC-16C2-4B85-9067-2E71906DF23B}.Debug|x64.Build.0 = Debug|x64
		{181EBCCC-16C2-4B85-9067-2E71906DF23B}.Debug|x86.ActiveCfg = Debug|Win32
		{181EBCCC-16C2-4B85-9067-2E71906DF23B}.Debug|x86.Build.0 = Debug|Win32
		{181EBCCC-16C2-4B85-9067-2E71906DF23B}.Release|x64.ActiveCfg = Release|x64
		{181EBCCC-16C2-4B85-9067-2E71906DF23B}.Release|x64.Build.0 = Release|x64
		{181EBCCC-16C2-4B85-9067-2E71906DF23B}.Release|x86.ActiveCfg = Release|Win32
		{181EBCCC-16C2-4B85-9067-2E71906DF23B}.Release|x86.Build.0 = Release|Win32
		{01AF94A3-C433-4E68-BC18-C20007D173D3}.Debug|x64.ActiveCfg = Debug|x64
		{01AF94A3-C433-4E68-BC18-C20007D173D3}.Debug|x64.Build.0 = Debug|x64
		{01AF94A3-C433-4E68-BC18-C20007D173D3}.Debug|x86.ActiveCfg = Debug|Win32
		{01AF94A3-C433-4E68-BC18-C20007D173D3}.Debug|x86.Build.0 = Debug|Win32
		{01AF94A3-C433-4E68-BC18-C20007D173D3}.Release|x64.ActiveCfg = Release|x64
		{01AF94A3-C433-4E68-BC18-C20007D173D3}.Release|x64.Build.0 = Release|x64
		{01AF94A3-C433-4E68-BC18-C20007D173D3}.Release|x86.ActiveCfg = Release|Win32
		{01AF94A3-C433-4E68-BC18-C20007D173D3}.Release|x86.Build.0 = Release|Win32
	EndGlobalSection
	GlobalSection(SolutionProperties) = preSolution
		HideSolutionNode = FALSE
	EndGlobalSection
	GlobalSection(ExtensibilityGlobals) = postSolution
		SolutionGuid = {E6EBB646-6CCA-4A6F-B32C-3E1534577D9C}
	EndGlobalSection
EndGlobal
